
Microsoft Visual Studio Solution File, Format Version 12.00
# Visual Studio Version 17
VisualStudioVersion = 17.4.33103.184
MinimumVisualStudioVersion = 10.0.40219.1
Project("{FAE04EC0-301F-11D3-BF4B-00C04F79EFBC}") = "HCI_Sat", "HCI_Sat.csproj", "{203A935F-20B0-44A2-9435-280B268FAD89}"
EndProject
Global
	GlobalSection(SolutionConfigurationPlatforms) = preSolution
		Debug|Any CPU = Debug|Any CPU
		Release|Any CPU = Release|Any CPU
	EndGlobalSection
	GlobalSection(ProjectConfigurationPlatforms) = postSolution
		{203A935F-20B0-44A2-9435-280B268FAD89}.Debug|Any CPU.ActiveCfg = Debug|Any CPU
		{203A935F-20B0-44A2-9435-280B268FAD89}.Debug|Any CPU.Build.0 = Debug|Any CPU
		{203A935F-20B0-44A2-9435-280B268FAD89}.Release|Any CPU.ActiveCfg = Release|Any CPU
		{203A935F-20B0-44A2-9435-280B268FAD89}.Release|Any CPU.Build.0 = Release|Any CPU
	EndGlobalSection
	GlobalSection(SolutionProperties) = preSolution
		HideSolutionNode = FALSE
	EndGlobalSection
	GlobalSection(ExtensibilityGlobals) = postSolution
		SolutionGuid = {82B217D3-85D9-4E77-92FF-72F12EAF0DD8}
	EndGlobalSection
EndGlobal
